
Microsoft Visual Studio Solution File, Format Version 12.00
# Visual Studio Version 16
VisualStudioVersion = 16.0.31005.135
MinimumVisualStudioVersion = 10.0.40219.1
Project("{FAE04EC0-301F-11D3-BF4B-00C04F79EFBC}") = "Hospital_Saving_Management", "Hospital_Saving_Management\Hospital_Saving_Management.csproj", "{F7DE5685-4DB0-47FD-B3C7-02F3C1D222BC}"
EndProject
Global
	GlobalSection(SolutionConfigurationPlatforms) = preSolution
		Debug|Any CPU = Debug|Any CPU
		Release|Any CPU = Release|Any CPU
	EndGlobalSection
	GlobalSection(ProjectConfigurationPlatforms) = postSolution
		{F7DE5685-4DB0-47FD-B3C7-02F3C1D222BC}.Debug|Any CPU.ActiveCfg = Debug|Any CPU
		{F7DE5685-4DB0-47FD-B3C7-02F3C1D222BC}.Debug|Any CPU.Build.0 = Debug|Any CPU
		{F7DE5685-4DB0-47FD-B3C7-02F3C1D222BC}.Release|Any CPU.ActiveCfg = Release|Any CPU
		{F7DE5685-4DB0-47FD-B3C7-02F3C1D222BC}.Release|Any CPU.Build.0 = Release|Any CPU
	EndGlobalSection
	GlobalSection(SolutionProperties) = preSolution
		HideSolutionNode = FALSE
	EndGlobalSection
	GlobalSection(ExtensibilityGlobals) = postSolution
		SolutionGuid = {CB198A03-F82F-49A7-A0EF-80198765FC08}
	EndGlobalSection
EndGlobal
